Microsoft Visual Studio Solution File, Format Version 12.00
# Visual Studio Version 17
VisualStudioVersion = 17.5.2.0
MinimumVisualStudioVersion = 10.0.40219.1
Project("{FAE04EC0-301F-11D3-BF4B-00C04F79EFBC}") = "WebApi.IntegrationTests", "WebApi.IntegrationTests.csproj", "{BD68779D-B2CA-E298-8A1D-FFEDD6A6D630}"
EndProject
Global
	GlobalSection(SolutionConfigurationPlatforms) = preSolution
		Debug|Any CPU = Debug|Any CPU
		Release|Any CPU = Release|Any CPU
	EndGlobalSection
	GlobalSection(ProjectConfigurationPlatforms) = postSolution
		{BD68779D-B2CA-E298-8A1D-FFEDD6A6D630}.Debug|Any CPU.ActiveCfg = Debug|Any CPU
		{BD68779D-B2CA-E298-8A1D-FFEDD6A6D630}.Debug|Any CPU.Build.0 = Debug|Any CPU
		{BD68779D-B2CA-E298-8A1D-FFEDD6A6D630}.Release|Any CPU.ActiveCfg = Release|Any CPU
		{BD68779D-B2CA-E298-8A1D-FFEDD6A6D630}.Release|Any CPU.Build.0 = Release|Any CPU
	EndGlobalSection
	GlobalSection(SolutionProperties) = preSolution
		HideSolutionNode = FALSE
	EndGlobalSection
	GlobalSection(ExtensibilityGlobals) = postSolution
		SolutionGuid = {B9ACBEE4-1379-42FB-BD7E-9953305BF8DC}
	EndGlobalSection
EndGlobal
